{
  "nodes": {
    "nixpkgs": {
      "locked": {
        "lastModified": 1718208800,
        "narHash": "sha256-US1tAChvPxT52RV8GksWZS415tTS7PV42KTc2PNDBmc=",
        "owner": "NixOS",
        "repo": "nixpkgs",
        "rev": "cc54fb41d13736e92229c21627ea4f22199fee6b",
        "type": "github"
      },
      "original": {
        "owner": "NixOS",
        "ref": "nixos-24.05",
        "repo": "nixpkgs",
        "type": "github"
      }
    },
    "root": {
      "inputs": {
        "nixpkgs": "nixpkgs"
      }
    }
  },
  "root": "root",
  "version": 7
}
