{
  "nodes": {
    "nixpkgs": {
      "locked": {
        "lastModified": 1696375444,
        "narHash": "sha256-Sv0ICt/pXfpnFhTGYTsX6lUr1SljnuXWejYTI2ZqHa4=",
        "owner": "NixOS",
        "repo": "nixpkgs",
        "rev": "81e8f48ebdecf07aab321182011b067aafc78896",
        "type": "github"
      },
      "original": {
        "owner": "NixOS",
        "ref": "nixos-unstable",
        "repo": "nixpkgs",
        "type": "github"
      }
    },
    "root": {
      "inputs": {
        "nixpkgs": "nixpkgs"
      }
    }
  },
  "root": "root",
  "version": 7
}
